
Microsoft Visual Studio Solution File, Format Version 12.00
# Visual Studio Version 17
VisualStudioVersion = 17.8.34330.188
MinimumVisualStudioVersion = 10.0.40219.1
Project("{9A19103F-16F7-4668-BE54-9A1E7A4F7556}") = "chat-app-c#", "chat-app-c#\chat-app-c#.csproj", "{C7919A7E-6E7A-4A95-BAC6-EE3FA8960325}"
EndProject
Project("{FAE04EC0-301F-11D3-BF4B-00C04F79EFBC}") = "chat-server-c#", "chat-server-c#\chat-server-c#.csproj", "{7D064A37-19F2-4A1E-B620-B75BC2A610AD}"
EndProject
Global
	GlobalSection(SolutionConfigurationPlatforms) = preSolution
		Debug|Any CPU = Debug|Any CPU
		Release|Any CPU = Release|Any CPU
	EndGlobalSection
	GlobalSection(ProjectConfigurationPlatforms) = postSolution
		{C7919A7E-6E7A-4A95-BAC6-EE3FA8960325}.Debug|Any CPU.ActiveCfg = Debug|Any CPU
		{C7919A7E-6E7A-4A95-BAC6-EE3FA8960325}.Debug|Any CPU.Build.0 = Debug|Any CPU
		{C7919A7E-6E7A-4A95-BAC6-EE3FA8960325}.Release|Any CPU.ActiveCfg = Release|Any CPU
		{C7919A7E-6E7A-4A95-BAC6-EE3FA8960325}.Release|Any CPU.Build.0 = Release|Any CPU
		{7D064A37-19F2-4A1E-B620-B75BC2A610AD}.Debug|Any CPU.ActiveCfg = Debug|Any CPU
		{7D064A37-19F2-4A1E-B620-B75BC2A610AD}.Debug|Any CPU.Build.0 = Debug|Any CPU
		{7D064A37-19F2-4A1E-B620-B75BC2A610AD}.Release|Any CPU.ActiveCfg = Release|Any CPU
		{7D064A37-19F2-4A1E-B620-B75BC2A610AD}.Release|Any CPU.Build.0 = Release|Any CPU
	EndGlobalSection
	GlobalSection(SolutionProperties) = preSolution
		HideSolutionNode = FALSE
	EndGlobalSection
	GlobalSection(ExtensibilityGlobals) = postSolution
		SolutionGuid = {DC96EE8E-BDE5-404C-87F6-3DD1DEA81223}
	EndGlobalSection
EndGlobal
